
Microsoft Visual Studio Solution File, Format Version 12.00
# Visual Studio Version 17
VisualStudioVersion = 17.8.34525.116
MinimumVisualStudioVersion = 10.0.40219.1
Project("{888888A0-9F3D-457C-B088-3A5042F75D52}") = "Acondicionar_Directorio", "Acondicionar_Directorio\Acondicionar_Directorio.pyproj", "{458A384B-0E29-491D-972D-F64F055CAD64}"
EndProject
Global
	GlobalSection(SolutionConfigurationPlatforms) = preSolution
		Debug|Any CPU = Debug|Any CPU
		Release|Any CPU = Release|Any CPU
	EndGlobalSection
	GlobalSection(ProjectConfigurationPlatforms) = postSolution
		{458A384B-0E29-491D-972D-F64F055CAD64}.Debug|Any CPU.ActiveCfg = Debug|Any CPU
		{458A384B-0E29-491D-972D-F64F055CAD64}.Release|Any CPU.ActiveCfg = Release|Any CPU
	EndGlobalSection
	GlobalSection(SolutionProperties) = preSolution
		HideSolutionNode = FALSE
	EndGlobalSection
	GlobalSection(ExtensibilityGlobals) = postSolution
		SolutionGuid = {97E7F23D-6803-4F67-9FF8-3380E9D017F8}
	EndGlobalSection
EndGlobal
